// !$*UTF8*$!
{
	archiveVersion = 1;
	classes = {
	};
	objectVersion = 55;
	objects = {

/* Begin PBXBuildFile section */
		4B7D0B3229523D7D00067270 /* AppDelegate.swift in Sources */ = {isa = PBXBuildFile; fileRef = 4B7D0B3129523D7D00067270 /* AppDelegate.swift */; };
		4B7D0B3629523D7D00067270 /* MainViewController.swift in Sources */ = {isa = PBXBuildFile; fileRef = 4B7D0B3529523D7D00067270 /* MainViewController.swift */; };
		4B7D0B3B29523D7D00067270 /* Assets.xcassets in Resources */ = {isa = PBXBuildFile; fileRef = 4B7D0B3A29523D7D00067270 /* Assets.xcassets */; };
		4B7D0B3E29523D7D00067270 /* LaunchScreen.storyboard in Resources */ = {isa = PBXBuildFile; fileRef = 4B7D0B3C29523D7D00067270 /* LaunchScreen.storyboard */; };
		4B8BE00E298B0BEA00C5EF85 /* fr.jpg in Resources */ = {isa = PBXBuildFile; fileRef = 4B8BE009298B0BEA00C5EF85 /* fr.jpg */; };
		4B8BE00F298B0BEA00C5EF85 /* be.jpg in Resources */ = {isa = PBXBuildFile; fileRef = 4B8BE00A298B0BEA00C5EF85 /* be.jpg */; };
		4B8BE010298B0BEA00C5EF85 /* at.jpg in Resources */ = {isa = PBXBuildFile; fileRef = 4B8BE00B298B0BEA00C5EF85 /* at.jpg */; };
		4B8BE011298B0BEA00C5EF85 /* de.jpg in Resources */ = {isa = PBXBuildFile; fileRef = 4B8BE00C298B0BEA00C5EF85 /* de.jpg */; };
		4B8BE012298B0BEA00C5EF85 /* el.jpg in Resources */ = {isa = PBXBuildFile; fileRef = 4B8BE00D298B0BEA00C5EF85 /* el.jpg */; };
		4B8BE016298B314000C5EF85 /* ru.jpg in Resources */ = {isa = PBXBuildFile; fileRef = 4B8BE013298B314000C5EF85 /* ru.jpg */; };
		4B8BE017298B314000C5EF85 /* ua.jpg in Resources */ = {isa = PBXBuildFile; fileRef = 4B8BE014298B314000C5EF85 /* ua.jpg */; };
		4B8BE018298B314000C5EF85 /* uk.jpg in Resources */ = {isa = PBXBuildFile; fileRef = 4B8BE015298B314000C5EF85 /* uk.jpg */; };
		4B940F7F2981F227005E6C58 /* TableViewController.swift in Sources */ = {isa = PBXBuildFile; fileRef = 4B940F7E2981F227005E6C58 /* TableViewController.swift */; };
		4B940F822983631E005E6C58 /* ivi1.png in Resources */ = {isa = PBXBuildFile; fileRef = 4B940F802983631E005E6C58 /* ivi1.png */; };
		4B940F832983631E005E6C58 /* splash1.jpeg in Resources */ = {isa = PBXBuildFile; fileRef = 4B940F812983631E005E6C58 /* splash1.jpeg */; };
		4BEA6D8B296749D4008FA3E4 /* RootViewController.swift in Sources */ = {isa = PBXBuildFile; fileRef = 4BEA6D8A296749D4008FA3E4 /* RootViewController.swift */; };
		4BEA6D8D29674A7D008FA3E4 /* SplashViewController.swift in Sources */ = {isa = PBXBuildFile; fileRef = 4BEA6D8C29674A7D008FA3E4 /* SplashViewController.swift */; };
		4BEA6D8F296E2103008FA3E4 /* LoginViewController.swift in Sources */ = {isa = PBXBuildFile; fileRef = 4BEA6D8E296E2103008FA3E4 /* LoginViewController.swift */; };
/* End PBXBuildFile section */

/* Begin PBXFileReference section */
		4B7D0B2E29523D7D00067270 /* learningSwift.app */ = {isa = PBXFileReference; explicitFileType = wrapper.application; includeInIndex = 0; path = learningSwift.app; sourceTree = BUILT_PRODUCTS_DIR; };
		4B7D0B3129523D7D00067270 /* AppDelegate.swift */ = {isa = PBXFileReference; lastKnownFileType = sourcecode.swift; path = AppDelegate.swift; sourceTree = "<group>"; };
		4B7D0B3529523D7D00067270 /* MainViewController.swift */ = {isa = PBXFileReference; lastKnownFileType = sourcecode.swift; path = MainViewController.swift; sourceTree = "<group>"; };
		4B7D0B3A29523D7D00067270 /* Assets.xcassets */ = {isa = PBXFileReference; lastKnownFileType = folder.assetcatalog; path = Assets.xcassets; sourceTree = "<group>"; };
		4B7D0B3D29523D7D00067270 /* Base */ = {isa = PBXFileReference; lastKnownFileType = file.storyboard; name = Base; path = Base.lproj/LaunchScreen.storyboard; sourceTree = "<group>"; };
		4B7D0B3F29523D7D00067270 /* Info.plist */ = {isa = PBXFileReference; lastKnownFileType = text.plist.xml; path = Info.plist; sourceTree = "<group>"; };
		4B8BE009298B0BEA00C5EF85 /* fr.jpg */ = {isa = PBXFileReference; lastKnownFileType = image.jpeg; path = fr.jpg; sourceTree = "<group>"; };
		4B8BE00A298B0BEA00C5EF85 /* be.jpg */ = {isa = PBXFileReference; lastKnownFileType = image.jpeg; path = be.jpg; sourceTree = "<group>"; };
		4B8BE00B298B0BEA00C5EF85 /* at.jpg */ = {isa = PBXFileReference; lastKnownFileType = image.jpeg; path = at.jpg; sourceTree = "<group>"; };
		4B8BE00C298B0BEA00C5EF85 /* de.jpg */ = {isa = PBXFileReference; lastKnownFileType = image.jpeg; path = de.jpg; sourceTree = "<group>"; };
		4B8BE00D298B0BEA00C5EF85 /* el.jpg */ = {isa = PBXFileReference; lastKnownFileType = image.jpeg; path = el.jpg; sourceTree = "<group>"; };
		4B8BE013298B314000C5EF85 /* ru.jpg */ = {isa = PBXFileReference; lastKnownFileType = image.jpeg; path = ru.jpg; sourceTree = "<group>"; };
		4B8BE014298B314000C5EF85 /* ua.jpg */ = {isa = PBXFileReference; lastKnownFileType = image.jpeg; path = ua.jpg; sourceTree = "<group>"; };
		4B8BE015298B314000C5EF85 /* uk.jpg */ = {isa = PBXFileReference; lastKnownFileType = image.jpeg; path = uk.jpg; sourceTree = "<group>"; };
		4B940F7E2981F227005E6C58 /* TableViewController.swift */ = {isa = PBXFileReference; lastKnownFileType = sourcecode.swift; path = TableViewController.swift; sourceTree = "<group>"; };
		4B940F802983631E005E6C58 /* ivi1.png */ = {isa = PBXFileReference; lastKnownFileType = image.png; path = ivi1.png; sourceTree = "<group>"; };
		4B940F812983631E005E6C58 /* splash1.jpeg */ = {isa = PBXFileReference; lastKnownFileType = image.jpeg; path = splash1.jpeg; sourceTree = "<group>"; };
		4BEA6D8A296749D4008FA3E4 /* RootViewController.swift */ = {isa = PBXFileReference; lastKnownFileType = sourcecode.swift; path = RootViewController.swift; sourceTree = "<group>"; };
		4BEA6D8C29674A7D008FA3E4 /* SplashViewController.swift */ = {isa = PBXFileReference; lastKnownFileType = sourcecode.swift; path = SplashViewController.swift; sourceTree = "<group>"; };
		4BEA6D8E296E2103008FA3E4 /* LoginViewController.swift */ = {isa = PBXFileReference; lastKnownFileType = sourcecode.swift; path = LoginViewController.swift; sourceTree = "<group>"; };
/* End PBXFileReference section */

/* Begin PBXFrameworksBuildPhase section */
		4B7D0B2B29523D7D00067270 /* Frameworks */ = {
			isa = PBXFrameworksBuildPhase;
			buildActionMask = 2147483647;
			files = (
			);
			runOnlyForDeploymentPostprocessing = 0;
		};
/* End PBXFrameworksBuildPhase section */

/* Begin PBXGroup section */
		4B7D0B2529523D7D00067270 = {
			isa = PBXGroup;
			children = (
				4B7D0B3029523D7D00067270 /* learningSwift */,
				4B7D0B2F29523D7D00067270 /* Products */,
			);
			sourceTree = "<group>";
		};
		4B7D0B2F29523D7D00067270 /* Products */ = {
			isa = PBXGroup;
			children = (
				4B7D0B2E29523D7D00067270 /* learningSwift.app */,
			);
			name = Products;
			sourceTree = "<group>";
		};
		4B7D0B3029523D7D00067270 /* learningSwift */ = {
			isa = PBXGroup;
			children = (
				4B7D0B3129523D7D00067270 /* AppDelegate.swift */,
				4BEA6D8A296749D4008FA3E4 /* RootViewController.swift */,
				4BEA6D8C29674A7D008FA3E4 /* SplashViewController.swift */,
				4BEA6D8E296E2103008FA3E4 /* LoginViewController.swift */,
				4B7D0B3529523D7D00067270 /* MainViewController.swift */,
				4B940F7E2981F227005E6C58 /* TableViewController.swift */,
				4B7D0B3A29523D7D00067270 /* Assets.xcassets */,
				4B7D0B3C29523D7D00067270 /* LaunchScreen.storyboard */,
				4B7D0B3F29523D7D00067270 /* Info.plist */,
				4B940F812983631E005E6C58 /* splash1.jpeg */,
				4B940F802983631E005E6C58 /* ivi1.png */,
				4B8BE00B298B0BEA00C5EF85 /* at.jpg */,
				4B8BE00A298B0BEA00C5EF85 /* be.jpg */,
				4B8BE00C298B0BEA00C5EF85 /* de.jpg */,
				4B8BE00D298B0BEA00C5EF85 /* el.jpg */,
				4B8BE009298B0BEA00C5EF85 /* fr.jpg */,
				4B8BE013298B314000C5EF85 /* ru.jpg */,
				4B8BE014298B314000C5EF85 /* ua.jpg */,
				4B8BE015298B314000C5EF85 /* uk.jpg */,
			);
			path = learningSwift;
			sourceTree = "<group>";
		};
/* End PBXGroup section */

/* Begin PBXNativeTarget section */
		4B7D0B2D29523D7D00067270 /* learningSwift */ = {
			isa = PBXNativeTarget;
			buildConfigurationList = 4B7D0B4229523D7D00067270 /* Build configuration list for PBXNativeTarget "learningSwift" */;
			buildPhases = (
				4B7D0B2A29523D7D00067270 /* Sources */,
				4B7D0B2B29523D7D00067270 /* Frameworks */,
				4B7D0B2C29523D7D00067270 /* Resources */,
			);
			buildRules = (
			);
			dependencies = (
			);
			name = learningSwift;
			productName = learningSwift;
			productReference = 4B7D0B2E29523D7D00067270 /* learningSwift.app */;
			productType = "com.apple.product-type.application";
		};
/* End PBXNativeTarget section */

/* Begin PBXProject section */
		4B7D0B2629523D7D00067270 /* Project object */ = {
			isa = PBXProject;
			attributes = {
				BuildIndependentTargetsInParallel = 1;
				LastSwiftUpdateCheck = 1320;
				LastUpgradeCheck = 1320;
				TargetAttributes = {
					4B7D0B2D29523D7D00067270 = {
						CreatedOnToolsVersion = 13.2.1;
					};
				};
			};
			buildConfigurationList = 4B7D0B2929523D7D00067270 /* Build configuration list for PBXProject "learningSwift" */;
			compatibilityVersion = "Xcode 13.0";
			developmentRegion = en;
			hasScannedForEncodings = 0;
			knownRegions = (
				en,
				Base,
			);
			mainGroup = 4B7D0B2529523D7D00067270;
			productRefGroup = 4B7D0B2F29523D7D00067270 /* Products */;
			projectDirPath = "";
			projectRoot = "";
			targets = (
				4B7D0B2D29523D7D00067270 /* learningSwift */,
			);
		};
/* End PBXProject section */

/* Begin PBXResourcesBuildPhase section */
		4B7D0B2C29523D7D00067270 /* Resources */ = {
			isa = PBXResourcesBuildPhase;
			buildActionMask = 2147483647;
			files = (
				4B8BE016298B314000C5EF85 /* ru.jpg in Resources */,
				4B8BE018298B314000C5EF85 /* uk.jpg in Resources */,
				4B8BE00F298B0BEA00C5EF85 /* be.jpg in Resources */,
				4B8BE010298B0BEA00C5EF85 /* at.jpg in Resources */,
				4B8BE00E298B0BEA00C5EF85 /* fr.jpg in Resources */,
				4B940F832983631E005E6C58 /* splash1.jpeg in Resources */,
				4B7D0B3E29523D7D00067270 /* LaunchScreen.storyboard in Resources */,
				4B7D0B3B29523D7D00067270 /* Assets.xcassets in Resources */,
				4B8BE011298B0BEA00C5EF85 /* de.jpg in Resources */,
				4B8BE017298B314000C5EF85 /* ua.jpg in Resources */,
				4B940F822983631E005E6C58 /* ivi1.png in Resources */,
				4B8BE012298B0BEA00C5EF85 /* el.jpg in Resources */,
			);
			runOnlyForDeploymentPostprocessing = 0;
		};
/* End PBXResourcesBuildPhase section */

/* Begin PBXSourcesBuildPhase section */
		4B7D0B2A29523D7D00067270 /* Sources */ = {
			isa = PBXSourcesBuildPhase;
			buildActionMask = 2147483647;
			files = (
				4BEA6D8D29674A7D008FA3E4 /* SplashViewController.swift in Sources */,
				4B940F7F2981F227005E6C58 /* TableViewController.swift in Sources */,
				4B7D0B3629523D7D00067270 /* MainViewController.swift in Sources */,
				4B7D0B3229523D7D00067270 /* AppDelegate.swift in Sources */,
				4BEA6D8F296E2103008FA3E4 /* LoginViewController.swift in Sources */,
				4BEA6D8B296749D4008FA3E4 /* RootViewController.swift in Sources */,
			);
			runOnlyForDeploymentPostprocessing = 0;
		};
/* End PBXSourcesBuildPhase section */

/* Begin PBXVariantGroup section */
		4B7D0B3C29523D7D00067270 /* LaunchScreen.storyboard */ = {
			isa = PBXVariantGroup;
			children = (
				4B7D0B3D29523D7D00067270 /* Base */,
			);
			name = LaunchScreen.storyboard;
			sourceTree = "<group>";
		};
/* End PBXVariantGroup section */

/* Begin XCBuildConfiguration section */
		4B7D0B4029523D7D00067270 /* Debug */ = {
			isa = XCBuildConfiguration;
			buildSettings = {
				ALWAYS_SEARCH_USER_PATHS = NO;
				CLANG_ANALYZER_NONNULL = YES;
				CLANG_ANALYZER_NUMBER_OBJECT_CONVERSION = YES_AGGRESSIVE;
				CLANG_CXX_LANGUAGE_STANDARD = "gnu++17";
				CLANG_CXX_LIBRARY = "libc++";
				CLANG_ENABLE_MODULES = YES;
				CLANG_ENABLE_OBJC_ARC = YES;
				CLANG_ENABLE_OBJC_WEAK = YES;
				CLANG_WARN_BLOCK_CAPTURE_AUTORELEASING = YES;
				CLANG_WARN_BOOL_CONVERSION = YES;
				CLANG_WARN_COMMA = YES;
				CLANG_WARN_CONSTANT_CONVERSION = YES;
				CLANG_WARN_DEPRECATED_OBJC_IMPLEMENTATIONS = YES;
				CLANG_WARN_DIRECT_OBJC_ISA_USAGE = YES_ERROR;
				CLANG_WARN_DOCUMENTATION_COMMENTS = YES;
				CLANG_WARN_EMPTY_BODY = YES;
				CLANG_WARN_ENUM_CONVERSION = YES;
				CLANG_WARN_INFINITE_RECURSION = YES;
				CLANG_WARN_INT_CONVERSION = YES;
				CLANG_WARN_NON_LITERAL_NULL_CONVERSION = YES;
				CLANG_WARN_OBJC_IMPLICIT_RETAIN_SELF = YES;
				CLANG_WARN_OBJC_LITERAL_CONVERSION = YES;
				CLANG_WARN_OBJC_ROOT_CLASS = YES_ERROR;
				CLANG_WARN_QUOTED_INCLUDE_IN_FRAMEWORK_HEADER = YES;
				CLANG_WARN_RANGE_LOOP_ANALYSIS = YES;
				CLANG_WARN_STRICT_PROTOTYPES = YES;
				CLANG_WARN_SUSPICIOUS_MOVE = YES;
				CLANG_WARN_UNGUARDED_AVAILABILITY = YES_AGGRESSIVE;
				CLANG_WARN_UNREACHABLE_CODE = YES;
				CLANG_WARN__DUPLICATE_METHOD_MATCH = YES;
				COPY_PHASE_STRIP = NO;
				DEBUG_INFORMATION_FORMAT = dwarf;
				ENABLE_STRICT_OBJC_MSGSEND = YES;
				ENABLE_TESTABILITY = YES;
				GCC_C_LANGUAGE_STANDARD = gnu11;
				GCC_DYNAMIC_NO_PIC = NO;
				GCC_NO_COMMON_BLOCKS = YES;
				GCC_OPTIMIZATION_LEVEL = 0;
				GCC_PREPROCESSOR_DEFINITIONS = (
					"DEBUG=1",
					"$(inherited)",
				);
				GCC_WARN_64_TO_32_BIT_CONVERSION = YES;
				GCC_WARN_ABOUT_RETURN_TYPE = YES_ERROR;
				GCC_WARN_UNDECLARED_SELECTOR = YES;
				GCC_WARN_UNINITIALIZED_AUTOS = YES_AGGRESSIVE;
				GCC_WARN_UNUSED_FUNCTION = YES;
				GCC_WARN_UNUSED_VARIABLE = YES;
				IPHONEOS_DEPLOYMENT_TARGET = 15.2;
				MTL_ENABLE_DEBUG_INFO = INCLUDE_SOURCE;
				MTL_FAST_MATH = YES;
				ONLY_ACTIVE_ARCH = YES;
				SDKROOT = iphoneos;
				SWIFT_ACTIVE_COMPILATION_CONDITIONS = DEBUG;
				SWIFT_OPTIMIZATION_LEVEL = "-Onone";
			};
			name = Debug;
		};
		4B7D0B4129523D7D00067270 /* Release */ = {
			isa = XCBuildConfiguration;
			buildSettings = {
				ALWAYS_SEARCH_USER_PATHS = NO;
				CLANG_ANALYZER_NONNULL = YES;
				CLANG_ANALYZER_NUMBER_OBJECT_CONVERSION = YES_AGGRESSIVE;
				CLANG_CXX_LANGUAGE_STANDARD = "gnu++17";
				CLANG_CXX_LIBRARY = "libc++";
				CLANG_ENABLE_MODULES = YES;
				CLANG_ENABLE_OBJC_ARC = YES;
				CLANG_ENABLE_OBJC_WEAK = YES;
				CLANG_WARN_BLOCK_CAPTURE_AUTORELEASING = YES;
				CLANG_WARN_BOOL_CONVERSION = YES;
				CLANG_WARN_COMMA = YES;
				CLANG_WARN_CONSTANT_CONVERSION = YES;
				CLANG_WARN_DEPRECATED_OBJC_IMPLEMENTATIONS = YES;
				CLANG_WARN_DIRECT_OBJC_ISA_USAGE = YES_ERROR;
				CLANG_WARN_DOCUMENTATION_COMMENTS = YES;
				CLANG_WARN_EMPTY_BODY = YES;
				CLANG_WARN_ENUM_CONVERSION = YES;
				CLANG_WARN_INFINITE_RECURSION = YES;
				CLANG_WARN_INT_CONVERSION = YES;
				CLANG_WARN_NON_LITERAL_NULL_CONVERSION = YES;
				CLANG_WARN_OBJC_IMPLICIT_RETAIN_SELF = YES;
				CLANG_WARN_OBJC_LITERAL_CONVERSION = YES;
				CLANG_WARN_OBJC_ROOT_CLASS = YES_ERROR;
				CLANG_WARN_QUOTED_INCLUDE_IN_FRAMEWORK_HEADER = YES;
				CLANG_WARN_RANGE_LOOP_ANALYSIS = YES;
				CLANG_WARN_STRICT_PROTOTYPES = YES;
				CLANG_WARN_SUSPICIOUS_MOVE = YES;
				CLANG_WARN_UNGUARDED_AVAILABILITY = YES_AGGRESSIVE;
				CLANG_WARN_UNREACHABLE_CODE = YES;
				CLANG_WARN__DUPLICATE_METHOD_MATCH = YES;
				COPY_PHASE_STRIP = NO;
				DEBUG_INFORMATION_FORMAT = "dwarf-with-dsym";
				ENABLE_NS_ASSERTIONS = NO;
				ENABLE_STRICT_OBJC_MSGSEND = YES;
				GCC_C_LANGUAGE_STANDARD = gnu11;
				GCC_NO_COMMON_BLOCKS = YES;
				GCC_WARN_64_TO_32_BIT_CONVERSION = YES;
				GCC_WARN_ABOUT_RETURN_TYPE = YES_ERROR;
				GCC_WARN_UNDECLARED_SELECTOR = YES;
				GCC_WARN_UNINITIALIZED_AUTOS = YES_AGGRESSIVE;
				GCC_WARN_UNUSED_FUNCTION = YES;
				GCC_WARN_UNUSED_VARIABLE = YES;
				IPHONEOS_DEPLOYMENT_TARGET = 15.2;
				MTL_ENABLE_DEBUG_INFO = NO;
				MTL_FAST_MATH = YES;
				SDKROOT = iphoneos;
				SWIFT_COMPILATION_MODE = wholemodule;
				SWIFT_OPTIMIZATION_LEVEL = "-O";
				VALIDATE_PRODUCT = YES;
			};
			name = Release;
		};
		4B7D0B4329523D7D00067270 /* Debug */ = {
			isa = XCBuildConfiguration;
			buildSettings = {
				ASSETCATALOG_COMPILER_APPICON_NAME = AppIcon;
				ASSETCATALOG_COMPILER_GLOBAL_ACCENT_COLOR_NAME = AccentColor;
				CODE_SIGN_STYLE = Automatic;
				CURRENT_PROJECT_VERSION = 1;
				DEVELOPMENT_TEAM = 5AL96PYYRZ;
				GENERATE_INFOPLIST_FILE = YES;
				INFOPLIST_FILE = learningSwift/Info.plist;
				INFOPLIST_KEY_UIApplicationSupportsIndirectInputEvents = YES;
				INFOPLIST_KEY_UILaunchStoryboardName = LaunchScreen;
				INFOPLIST_KEY_UISupportedInterfaceOrientations_iPad = "UIInterfaceOrientationPortrait UIInterfaceOrientationPortraitUpsideDown UIInterfaceOrientationLandscapeLeft UIInterfaceOrientationLandscapeRight";
				INFOPLIST_KEY_UISupportedInterfaceOrientations_iPhone = "UIInterfaceOrientationPortrait UIInterfaceOrientationLandscapeLeft UIInterfaceOrientationLandscapeRight";
				LD_RUNPATH_SEARCH_PATHS = (
					"$(inherited)",
					"@executable_path/Frameworks",
				);
				MARKETING_VERSION = 1.0;
				PRODUCT_BUNDLE_IDENTIFIER = aanosov.learningSwift;
				PRODUCT_NAME = "$(TARGET_NAME)";
				SWIFT_EMIT_LOC_STRINGS = YES;
				SWIFT_VERSION = 5.0;
				TARGETED_DEVICE_FAMILY = "1,2";
			};
			name = Debug;
		};
		4B7D0B4429523D7D00067270 /* Release */ = {
			isa = XCBuildConfiguration;
			buildSettings = {
				ASSETCATALOG_COMPILER_APPICON_NAME = AppIcon;
				ASSETCATALOG_COMPILER_GLOBAL_ACCENT_COLOR_NAME = AccentColor;
				CODE_SIGN_STYLE = Automatic;
				CURRENT_PROJECT_VERSION = 1;
				DEVELOPMENT_TEAM = 5AL96PYYRZ;
				GENERATE_INFOPLIST_FILE = YES;
				INFOPLIST_FILE = learningSwift/Info.plist;
				INFOPLIST_KEY_UIApplicationSupportsIndirectInputEvents = YES;
				INFOPLIST_KEY_UILaunchStoryboardName = LaunchScreen;
				INFOPLIST_KEY_UISupportedInterfaceOrientations_iPad = "UIInterfaceOrientationPortrait UIInterfaceOrientationPortraitUpsideDown UIInterfaceOrientationLandscapeLeft UIInterfaceOrientationLandscapeRight";
				INFOPLIST_KEY_UISupportedInterfaceOrientations_iPhone = "UIInterfaceOrientationPortrait UIInterfaceOrientationLandscapeLeft UIInterfaceOrientationLandscapeRight";
				LD_RUNPATH_SEARCH_PATHS = (
					"$(inherited)",
					"@executable_path/Frameworks",
				);
				MARKETING_VERSION = 1.0;
				PRODUCT_BUNDLE_IDENTIFIER = aanosov.learningSwift;
				PRODUCT_NAME = "$(TARGET_NAME)";
				SWIFT_EMIT_LOC_STRINGS = YES;
				SWIFT_VERSION = 5.0;
				TARGETED_DEVICE_FAMILY = "1,2";
			};
			name = Release;
		};
/* End XCBuildConfiguration section */

/* Begin XCConfigurationList section */
		4B7D0B2929523D7D00067270 /* Build configuration list for PBXProject "learningSwift" */ = {
			isa = XCConfigurationList;
			buildConfigurations = (
				4B7D0B4029523D7D00067270 /* Debug */,
				4B7D0B4129523D7D00067270 /* Release */,
			);
			defaultConfigurationIsVisible = 0;
			defaultConfigurationName = Release;
		};
		4B7D0B4229523D7D00067270 /* Build configuration list for PBXNativeTarget "learningSwift" */ = {
			isa = XCConfigurationList;
			buildConfigurations = (
				4B7D0B4329523D7D00067270 /* Debug */,
				4B7D0B4429523D7D00067270 /* Release */,
			);
			defaultConfigurationIsVisible = 0;
			defaultConfigurationName = Release;
		};
/* End XCConfigurationList section */
	};
	rootObject = 4B7D0B2629523D7D00067270 /* Project object */;
}
